
Microsoft Visual Studio Solution File, Format Version 12.00
# Visual Studio Version 17
VisualStudioVersion = 17.10.35013.160
MinimumVisualStudioVersion = 10.0.40219.1
Project("{FAE04EC0-301F-11D3-BF4B-00C04F79EFBC}") = "Files", "Files.csproj", "{A95E3DDE-A750-4D62-B5B5-03AD7524214E}"
EndProject
Global
	GlobalSection(SolutionConfigurationPlatforms) = preSolution
		Debug|Any CPU = Debug|Any CPU
		Release|Any CPU = Release|Any CPU
	EndGlobalSection
	GlobalSection(ProjectConfigurationPlatforms) = postSolution
		{A95E3DDE-A750-4D62-B5B5-03AD7524214E}.Debug|Any CPU.ActiveCfg = Debug|Any CPU
		{A95E3DDE-A750-4D62-B5B5-03AD7524214E}.Debug|Any CPU.Build.0 = Debug|Any CPU
		{A95E3DDE-A750-4D62-B5B5-03AD7524214E}.Release|Any CPU.ActiveCfg = Release|Any CPU
		{A95E3DDE-A750-4D62-B5B5-03AD7524214E}.Release|Any CPU.Build.0 = Release|Any CPU
	EndGlobalSection
	GlobalSection(SolutionProperties) = preSolution
		HideSolutionNode = FALSE
	EndGlobalSection
	GlobalSection(ExtensibilityGlobals) = postSolution
		SolutionGuid = {DE4BCED1-6041-4A9F-9A4A-4AEE458DA3B4}
	EndGlobalSection
EndGlobal
